<?xml version="1.0" encoding="utf-8"?>
<Project ToolsVersion="4.0" xmlns="http://schemas.microsoft.com/developer/msbuild/2003">
  <ItemGroup>
    <Filter Include="SDK">
      <UniqueIdentifier>{67DA6AB6-F800-4c08-8B7A-83BB121AAD01}</UniqueIdentifier>
    </Filter>
  </ItemGroup>
  <ItemGroup>
    <ClInclude Include="..\..\..\..\Components\Lz4\lz4.h">
      <Filter>SDK</Filter>
    </ClInclude>
    <ClInclude Include="..\..\..\..\Components\Lz4\lz4file.h">
      <Filter>SDK</Filter>
    </ClInclude>
    <ClInclude Include="..\..\..\..\Components\Lz4\lz4frame.h">
      <Filter>SDK</Filter>
    </ClInclude>
    <ClInclude Include="..\..\..\..\Components\Lz4\lz4hc.h">
      <Filter>SDK</Filter>
    </ClInclude>
    <ClInclude Include="..\..\..\..\Components\Lz4\xxhash.h">
      <Filter>SDK</Filter>
    </ClInclude>
    <ClInclude Include="..\..\..\..\Components\Lz4\lz4frame_static.h">
      <Filter>SDK</Filter>
    </ClInclude>
  </ItemGroup>
  <ItemGroup>
    <ClCompile Include="..\..\..\..\Components\Lz4\lz4.c">
      <Filter>SDK</Filter>
    </ClCompile>
    <ClCompile Include="..\..\..\..\Components\Lz4\lz4file.c">
      <Filter>SDK</Filter>
    </ClCompile>
    <ClCompile Include="..\..\..\..\Components\Lz4\lz4frame.c">
      <Filter>SDK</Filter>
    </ClCompile>
    <ClCompile Include="..\..\..\..\Components\Lz4\lz4hc.c">
      <Filter>SDK</Filter>
    </ClCompile>
    <ClCompile Include="..\..\..\..\Components\Lz4\xxhash.c">
      <Filter>SDK</Filter>
    </ClCompile>
  </ItemGroup>
  <ItemGroup>
    <ResourceCompile Include="..\..\..\..\Components\Lz4\liblz4-dll.rc">
      <Filter>SDK</Filter>
    </ResourceCompile>
  </ItemGroup>
</Project>
